{
  "name": "bff-cms",
  "version": "0.0.0",
  "lockfileVersion": 1,
  "requires": true,
  "dependencies": {
    "@types/node": {
      "version": "17.0.8",
      "resolved": "https://pkgs.d.xiaomi.net:443/artifactory/api/npm/mi-npm/@types/node/-/node-17.0.8.tgz",
      "integrity": "sha1-UNaAyKinj+MKvmkGRTshrYqwrXs=",
      "dev": true
    },
    "@types/prop-types": {
      "version": "15.7.4",
      "resolved": "https://pkgs.d.xiaomi.net:443/artifactory/api/npm/mi-npm/@types/prop-types/-/prop-types-15.7.4.tgz",
      "integrity": "sha1-/PcgXCXf95Xuea8eMNosl5CAjxE=",
      "dev": true
    },
    "@types/react": {
      "version": "17.0.38",
      "resolved": "https://pkgs.d.xiaomi.net:443/artifactory/api/npm/mi-npm/@types/react/-/react-17.0.38.tgz",
      "integrity": "sha1-8kJJ/v2JNX1fpx9zmmhrjXxyAr0=",
      "dev": true,
      "requires": {
        "@types/prop-types": "*",
        "@types/scheduler": "*",
        "csstype": "^3.0.2"
      }
    },
    "@types/react-json-editor-ajrm": {
      "version": "2.5.2",
      "resolved": "https://pkgs.d.xiaomi.net:443/artifactory/api/npm/mi-npm/@types/react-json-editor-ajrm/-/react-json-editor-ajrm-2.5.2.tgz",
      "integrity": "sha1-vRBv2ZaAF0jexdcelxrb/3jpIAU=",
      "dev": true,
      "requires": {
        "@types/react": "*"
      }
    },
    "@types/scheduler": {
      "version": "0.16.2",
      "resolved": "https://pkgs.d.xiaomi.net:443/artifactory/api/npm/mi-npm/@types/scheduler/-/scheduler-0.16.2.tgz",
      "integrity": "sha1-GmL4lSVyPd4kuhsBsJK/XfitTTk=",
      "dev": true
    },
    "csstype": {
      "version": "3.0.10",
      "resolved": "https://pkgs.d.xiaomi.net:443/artifactory/api/npm/mi-npm/csstype/-/csstype-3.0.10.tgz",
      "integrity": "sha1-KtOnvtcPNbllcHwJLl8wsyfCkOU=",
      "dev": true
    }
  }
}
